# This file was autogenerated by Stack.
# You should not edit this file by hand.
# For more information, please see the documentation at:
#   https://docs.haskellstack.org/en/stable/lock_files

packages:
- completed:
    size: 1565514
    subdir: worldturtle
    url: https://github.com/aneilmac/worldturtle-haskell/archive/720fec0b6e734bf95e94c8fabd8dd89148d12908.tar.gz
    name: worldturtle
    version: 0.3.1.0
    sha256: e3fd092cf3c7bef18f99eb2eb64ceaff4a2ac2816fc6bbb6fa20321b81966eba
    pantry-tree:
      size: 1212
      sha256: a8e36afdcbe7d6fae62e0fe0c49201b2395de86ceda9e3ecb69940ec3c8597b1
  original:
    subdir: worldturtle
    url: https://github.com/aneilmac/worldturtle-haskell/archive/720fec0b6e734bf95e94c8fabd8dd89148d12908.tar.gz
snapshots:
- completed:
    size: 590102
    url: https://raw.githubusercontent.com/commercialhaskell/stackage-snapshots/master/lts/18/27.yaml
    sha256: 79a786674930a89301b0e908fad2822a48882f3d01486117693c377b8edffdbe
  original: lts-18.27
